{
  "comment": "AUTO-GENERATED by check_ui_contract.py --bump. Never edit by hand.",
  "version": 129,
  "hashes": {
    "static/index.html": "cc2ec0b87b1c4c8394f7d0ad74896c67f6b0f6d6a10f182f507cc9b10f19e9d0",
    "static/sw.js": "6fd0a53b8c0bea7cddc06db706cb9d00180b424047e93da6bb8bde226882a53c",
    "src/web.py": "da085fe548ea30b8f4c8aa46f356ef34eee3a836fe8172de5d3e8f1232ba7ef2"
  }
}
