{
  "comment": "AUTO-GENERATED by check_ui_contract.py --bump. Never edit by hand.",
  "version": 112,
  "hashes": {
    "static/index.html": "016ae28f736485204f56a19fa9e1a168a2f222108362de08c4285e4019094f1f",
    "static/sw.js": "6fd0a53b8c0bea7cddc06db706cb9d00180b424047e93da6bb8bde226882a53c",
    "src/web.py": "9dfe6c5a3038fb44b91a9fb924ad92421eff95fb3a5c64cdb1ba9b05a8541511"
  }
}
