{
  "comment": "AUTO-GENERATED by check_ui_contract.py --bump. Never edit by hand.",
  "version": 120,
  "hashes": {
    "static/index.html": "5f79c461b5abf65f5c14a5ca3648d9fec37e364780e231c265202139143e8e2a",
    "static/sw.js": "6fd0a53b8c0bea7cddc06db706cb9d00180b424047e93da6bb8bde226882a53c",
    "src/web.py": "7cfb21791733292c60e277893e0218b1c155f34ef15b8ddb0bf211db930d64fb"
  }
}
